// !$*UTF8*$!
{
	archiveVersion = 1;
	classes = {
	};
	objectVersion = 50;
	objects = {

/* Begin PBXBuildFile section */
		578857F425E7ECD7005D1BAA /* AppDelegate.swift in Sources */ = {isa = PBXBuildFile; fileRef = 578857F325E7ECD7005D1BAA /* AppDelegate.swift */; };
		578857F625E7ECD7005D1BAA /* SceneDelegate.swift in Sources */ = {isa = PBXBuildFile; fileRef = 578857F525E7ECD7005D1BAA /* SceneDelegate.swift */; };
		578857F825E7ECD7005D1BAA /* ViewController.swift in Sources */ = {isa = PBXBuildFile; fileRef = 578857F725E7ECD7005D1BAA /* ViewController.swift */; };
		578857FB25E7ECD7005D1BAA /* Main.storyboard in Resources */ = {isa = PBXBuildFile; fileRef = 578857F925E7ECD7005D1BAA /* Main.storyboard */; };
		578857FD25E7ECDD005D1BAA /* Assets.xcassets in Resources */ = {isa = PBXBuildFile; fileRef = 578857FC25E7ECDD005D1BAA /* Assets.xcassets */; };
		5788580025E7ECDD005D1BAA /* LaunchScreen.storyboard in Resources */ = {isa = PBXBuildFile; fileRef = 578857FE25E7ECDD005D1BAA /* LaunchScreen.storyboard */; };
		57A8CAD625E9DAFD0042B24B /* localization.strings in Resources */ = {isa = PBXBuildFile; fileRef = 57A8CAD825E9DAFD0042B24B /* localization.strings */; };
/* End PBXBuildFile section */

/* Begin PBXFileReference section */
		578857F025E7ECD7005D1BAA /* camera_test.app */ = {isa = PBXFileReference; explicitFileType = wrapper.application; includeInIndex = 0; path = camera_test.app; sourceTree = BUILT_PRODUCTS_DIR; };
		578857F325E7ECD7005D1BAA /* AppDelegate.swift */ = {isa = PBXFileReference; lastKnownFileType = sourcecode.swift; path = AppDelegate.swift; sourceTree = "<group>"; };
		578857F525E7ECD7005D1BAA /* SceneDelegate.swift */ = {isa = PBXFileReference; lastKnownFileType = sourcecode.swift; path = SceneDelegate.swift; sourceTree = "<group>"; };
		578857F725E7ECD7005D1BAA /* ViewController.swift */ = {isa = PBXFileReference; lastKnownFileType = sourcecode.swift; path = ViewController.swift; sourceTree = "<group>"; };
		578857FA25E7ECD7005D1BAA /* Base */ = {isa = PBXFileReference; lastKnownFileType = file.storyboard; name = Base; path = Base.lproj/Main.storyboard; sourceTree = "<group>"; };
		578857FC25E7ECDD005D1BAA /* Assets.xcassets */ = {isa = PBXFileReference; lastKnownFileType = folder.assetcatalog; path = Assets.xcassets; sourceTree = "<group>"; };
		578857FF25E7ECDD005D1BAA /* Base */ = {isa = PBXFileReference; lastKnownFileType = file.storyboard; name = Base; path = Base.lproj/LaunchScreen.storyboard; sourceTree = "<group>"; };
		5788580125E7ECDD005D1BAA /* Info.plist */ = {isa = PBXFileReference; lastKnownFileType = text.plist.xml; path = Info.plist; sourceTree = "<group>"; };
		57A8CAD025E9D9A50042B24B /* ja */ = {isa = PBXFileReference; lastKnownFileType = text.plist.strings; name = ja; path = ja.lproj/Main.strings; sourceTree = "<group>"; };
		57A8CAD125E9D9A60042B24B /* ja */ = {isa = PBXFileReference; lastKnownFileType = text.plist.strings; name = ja; path = ja.lproj/LaunchScreen.strings; sourceTree = "<group>"; };
		57A8CAD725E9DAFD0042B24B /* ja */ = {isa = PBXFileReference; lastKnownFileType = text.plist.strings; name = ja; path = ja.lproj/localization.strings; sourceTree = "<group>"; };
/* End PBXFileReference section */

/* Begin PBXFrameworksBuildPhase section */
		578857ED25E7ECD7005D1BAA /* Frameworks */ = {
			isa = PBXFrameworksBuildPhase;
			buildActionMask = 2147483647;
			files = (
			);
			runOnlyForDeploymentPostprocessing = 0;
		};
/* End PBXFrameworksBuildPhase section */

/* Begin PBXGroup section */
		578857E725E7ECD7005D1BAA = {
			isa = PBXGroup;
			children = (
				578857F225E7ECD7005D1BAA /* camera_test */,
				578857F125E7ECD7005D1BAA /* Products */,
			);
			sourceTree = "<group>";
		};
		578857F125E7ECD7005D1BAA /* Products */ = {
			isa = PBXGroup;
			children = (
				578857F025E7ECD7005D1BAA /* camera_test.app */,
			);
			name = Products;
			sourceTree = "<group>";
		};
		578857F225E7ECD7005D1BAA /* camera_test */ = {
			isa = PBXGroup;
			children = (
				578857F325E7ECD7005D1BAA /* AppDelegate.swift */,
				578857F525E7ECD7005D1BAA /* SceneDelegate.swift */,
				578857F725E7ECD7005D1BAA /* ViewController.swift */,
				57A8CAD825E9DAFD0042B24B /* localization.strings */,
				578857F925E7ECD7005D1BAA /* Main.storyboard */,
				578857FC25E7ECDD005D1BAA /* Assets.xcassets */,
				578857FE25E7ECDD005D1BAA /* LaunchScreen.storyboard */,
				5788580125E7ECDD005D1BAA /* Info.plist */,
			);
			path = camera_test;
			sourceTree = "<group>";
		};
/* End PBXGroup section */

/* Begin PBXNativeTarget section */
		578857EF25E7ECD7005D1BAA /* camera_test */ = {
			isa = PBXNativeTarget;
			buildConfigurationList = 5788580425E7ECDD005D1BAA /* Build configuration list for PBXNativeTarget "camera_test" */;
			buildPhases = (
				578857EC25E7ECD7005D1BAA /* Sources */,
				578857ED25E7ECD7005D1BAA /* Frameworks */,
				578857EE25E7ECD7005D1BAA /* Resources */,
			);
			buildRules = (
			);
			dependencies = (
			);
			name = camera_test;
			productName = camera_test;
			productReference = 578857F025E7ECD7005D1BAA /* camera_test.app */;
			productType = "com.apple.product-type.application";
		};
/* End PBXNativeTarget section */

/* Begin PBXProject section */
		578857E825E7ECD7005D1BAA /* Project object */ = {
			isa = PBXProject;
			attributes = {
				LastSwiftUpdateCheck = 1220;
				LastUpgradeCheck = 1220;
				TargetAttributes = {
					578857EF25E7ECD7005D1BAA = {
						CreatedOnToolsVersion = 12.2;
					};
				};
			};
			buildConfigurationList = 578857EB25E7ECD7005D1BAA /* Build configuration list for PBXProject "camera_test" */;
			compatibilityVersion = "Xcode 9.3";
			developmentRegion = en;
			hasScannedForEncodings = 0;
			knownRegions = (
				en,
				Base,
				ja,
			);
			mainGroup = 578857E725E7ECD7005D1BAA;
			productRefGroup = 578857F125E7ECD7005D1BAA /* Products */;
			projectDirPath = "";
			projectRoot = "";
			targets = (
				578857EF25E7ECD7005D1BAA /* camera_test */,
			);
		};
/* End PBXProject section */

/* Begin PBXResourcesBuildPhase section */
		578857EE25E7ECD7005D1BAA /* Resources */ = {
			isa = PBXResourcesBuildPhase;
			buildActionMask = 2147483647;
			files = (
				5788580025E7ECDD005D1BAA /* LaunchScreen.storyboard in Resources */,
				57A8CAD625E9DAFD0042B24B /* localization.strings in Resources */,
				578857FD25E7ECDD005D1BAA /* Assets.xcassets in Resources */,
				578857FB25E7ECD7005D1BAA /* Main.storyboard in Resources */,
			);
			runOnlyForDeploymentPostprocessing = 0;
		};
/* End PBXResourcesBuildPhase section */

/* Begin PBXSourcesBuildPhase section */
		578857EC25E7ECD7005D1BAA /* Sources */ = {
			isa = PBXSourcesBuildPhase;
			buildActionMask = 2147483647;
			files = (
				578857F825E7ECD7005D1BAA /* ViewController.swift in Sources */,
				578857F425E7ECD7005D1BAA /* AppDelegate.swift in Sources */,
				578857F625E7ECD7005D1BAA /* SceneDelegate.swift in Sources */,
			);
			runOnlyForDeploymentPostprocessing = 0;
		};
/* End PBXSourcesBuildPhase section */

/* Begin PBXVariantGroup section */
		578857F925E7ECD7005D1BAA /* Main.storyboard */ = {
			isa = PBXVariantGroup;
			children = (
				578857FA25E7ECD7005D1BAA /* Base */,
				57A8CAD025E9D9A50042B24B /* ja */,
			);
			name = Main.storyboard;
			sourceTree = "<group>";
		};
		578857FE25E7ECDD005D1BAA /* LaunchScreen.storyboard */ = {
			isa = PBXVariantGroup;
			children = (
				578857FF25E7ECDD005D1BAA /* Base */,
				57A8CAD125E9D9A60042B24B /* ja */,
			);
			name = LaunchScreen.storyboard;
			sourceTree = "<group>";
		};
		57A8CAD825E9DAFD0042B24B /* localization.strings */ = {
			isa = PBXVariantGroup;
			children = (
				57A8CAD725E9DAFD0042B24B /* ja */,
			);
			name = localization.strings;
			sourceTree = "<group>";
		};
/* End PBXVariantGroup section */

/* Begin XCBuildConfiguration section */
		5788580225E7ECDD005D1BAA /* Debug */ = {
			isa = XCBuildConfiguration;
			buildSettings = {
				ALWAYS_SEARCH_USER_PATHS = NO;
				CLANG_ANALYZER_LOCALIZABILITY_NONLOCALIZED = YES;
				CLANG_ANALYZER_NONNULL = YES;
				CLANG_ANALYZER_NUMBER_OBJECT_CONVERSION = YES_AGGRESSIVE;
				CLANG_CXX_LANGUAGE_STANDARD = "gnu++14";
				CLANG_CXX_LIBRARY = "libc++";
				CLANG_ENABLE_MODULES = YES;
				CLANG_ENABLE_OBJC_ARC = YES;
				CLANG_ENABLE_OBJC_WEAK = YES;
				CLANG_WARN_BLOCK_CAPTURE_AUTORELEASING = YES;
				CLANG_WARN_BOOL_CONVERSION = YES;
				CLANG_WARN_COMMA = YES;
				CLANG_WARN_CONSTANT_CONVERSION = YES;
				CLANG_WARN_DEPRECATED_OBJC_IMPLEMENTATIONS = YES;
				CLANG_WARN_DIRECT_OBJC_ISA_USAGE = YES_ERROR;
				CLANG_WARN_DOCUMENTATION_COMMENTS = YES;
				CLANG_WARN_EMPTY_BODY = YES;
				CLANG_WARN_ENUM_CONVERSION = YES;
				CLANG_WARN_INFINITE_RECURSION = YES;
				CLANG_WARN_INT_CONVERSION = YES;
				CLANG_WARN_NON_LITERAL_NULL_CONVERSION = YES;
				CLANG_WARN_OBJC_IMPLICIT_RETAIN_SELF = YES;
				CLANG_WARN_OBJC_LITERAL_CONVERSION = YES;
				CLANG_WARN_OBJC_ROOT_CLASS = YES_ERROR;
				CLANG_WARN_QUOTED_INCLUDE_IN_FRAMEWORK_HEADER = YES;
				CLANG_WARN_RANGE_LOOP_ANALYSIS = YES;
				CLANG_WARN_STRICT_PROTOTYPES = YES;
				CLANG_WARN_SUSPICIOUS_MOVE = YES;
				CLANG_WARN_UNGUARDED_AVAILABILITY = YES_AGGRESSIVE;
				CLANG_WARN_UNREACHABLE_CODE = YES;
				CLANG_WARN__DUPLICATE_METHOD_MATCH = YES;
				COPY_PHASE_STRIP = NO;
				DEBUG_INFORMATION_FORMAT = dwarf;
				ENABLE_STRICT_OBJC_MSGSEND = YES;
				ENABLE_TESTABILITY = YES;
				GCC_C_LANGUAGE_STANDARD = gnu11;
				GCC_DYNAMIC_NO_PIC = NO;
				GCC_NO_COMMON_BLOCKS = YES;
				GCC_OPTIMIZATION_LEVEL = 0;
				GCC_PREPROCESSOR_DEFINITIONS = (
					"DEBUG=1",
					"$(inherited)",
				);
				GCC_WARN_64_TO_32_BIT_CONVERSION = YES;
				GCC_WARN_ABOUT_RETURN_TYPE = YES_ERROR;
				GCC_WARN_UNDECLARED_SELECTOR = YES;
				GCC_WARN_UNINITIALIZED_AUTOS = YES_AGGRESSIVE;
				GCC_WARN_UNUSED_FUNCTION = YES;
				GCC_WARN_UNUSED_VARIABLE = YES;
				IPHONEOS_DEPLOYMENT_TARGET = 14.2;
				MTL_ENABLE_DEBUG_INFO = INCLUDE_SOURCE;
				MTL_FAST_MATH = YES;
				ONLY_ACTIVE_ARCH = YES;
				SDKROOT = iphoneos;
				SWIFT_ACTIVE_COMPILATION_CONDITIONS = DEBUG;
				SWIFT_OPTIMIZATION_LEVEL = "-Onone";
			};
			name = Debug;
		};
		5788580325E7ECDD005D1BAA /* Release */ = {
			isa = XCBuildConfiguration;
			buildSettings = {
				ALWAYS_SEARCH_USER_PATHS = NO;
				CLANG_ANALYZER_LOCALIZABILITY_NONLOCALIZED = YES;
				CLANG_ANALYZER_NONNULL = YES;
				CLANG_ANALYZER_NUMBER_OBJECT_CONVERSION = YES_AGGRESSIVE;
				CLANG_CXX_LANGUAGE_STANDARD = "gnu++14";
				CLANG_CXX_LIBRARY = "libc++";
				CLANG_ENABLE_MODULES = YES;
				CLANG_ENABLE_OBJC_ARC = YES;
				CLANG_ENABLE_OBJC_WEAK = YES;
				CLANG_WARN_BLOCK_CAPTURE_AUTORELEASING = YES;
				CLANG_WARN_BOOL_CONVERSION = YES;
				CLANG_WARN_COMMA = YES;
				CLANG_WARN_CONSTANT_CONVERSION = YES;
				CLANG_WARN_DEPRECATED_OBJC_IMPLEMENTATIONS = YES;
				CLANG_WARN_DIRECT_OBJC_ISA_USAGE = YES_ERROR;
				CLANG_WARN_DOCUMENTATION_COMMENTS = YES;
				CLANG_WARN_EMPTY_BODY = YES;
				CLANG_WARN_ENUM_CONVERSION = YES;
				CLANG_WARN_INFINITE_RECURSION = YES;
				CLANG_WARN_INT_CONVERSION = YES;
				CLANG_WARN_NON_LITERAL_NULL_CONVERSION = YES;
				CLANG_WARN_OBJC_IMPLICIT_RETAIN_SELF = YES;
				CLANG_WARN_OBJC_LITERAL_CONVERSION = YES;
				CLANG_WARN_OBJC_ROOT_CLASS = YES_ERROR;
				CLANG_WARN_QUOTED_INCLUDE_IN_FRAMEWORK_HEADER = YES;
				CLANG_WARN_RANGE_LOOP_ANALYSIS = YES;
				CLANG_WARN_STRICT_PROTOTYPES = YES;
				CLANG_WARN_SUSPICIOUS_MOVE = YES;
				CLANG_WARN_UNGUARDED_AVAILABILITY = YES_AGGRESSIVE;
				CLANG_WARN_UNREACHABLE_CODE = YES;
				CLANG_WARN__DUPLICATE_METHOD_MATCH = YES;
				COPY_PHASE_STRIP = NO;
				DEBUG_INFORMATION_FORMAT = "dwarf-with-dsym";
				ENABLE_NS_ASSERTIONS = NO;
				ENABLE_STRICT_OBJC_MSGSEND = YES;
				GCC_C_LANGUAGE_STANDARD = gnu11;
				GCC_NO_COMMON_BLOCKS = YES;
				GCC_WARN_64_TO_32_BIT_CONVERSION = YES;
				GCC_WARN_ABOUT_RETURN_TYPE = YES_ERROR;
				GCC_WARN_UNDECLARED_SELECTOR = YES;
				GCC_WARN_UNINITIALIZED_AUTOS = YES_AGGRESSIVE;
				GCC_WARN_UNUSED_FUNCTION = YES;
				GCC_WARN_UNUSED_VARIABLE = YES;
				IPHONEOS_DEPLOYMENT_TARGET = 14.2;
				MTL_ENABLE_DEBUG_INFO = NO;
				MTL_FAST_MATH = YES;
				SDKROOT = iphoneos;
				SWIFT_COMPILATION_MODE = wholemodule;
				SWIFT_OPTIMIZATION_LEVEL = "-O";
				VALIDATE_PRODUCT = YES;
			};
			name = Release;
		};
		5788580525E7ECDD005D1BAA /* Debug */ = {
			isa = XCBuildConfiguration;
			buildSettings = {
				ASSETCATALOG_COMPILER_APPICON_NAME = AppIcon;
				ASSETCATALOG_COMPILER_GLOBAL_ACCENT_COLOR_NAME = AccentColor;
				CODE_SIGN_STYLE = Automatic;
				DEVELOPMENT_TEAM = 4SWJPRF34A;
				INFOPLIST_FILE = camera_test/Info.plist;
				IPHONEOS_DEPLOYMENT_TARGET = 13.0;
				LD_RUNPATH_SEARCH_PATHS = (
					"$(inherited)",
					"@executable_path/Frameworks",
				);
				PRODUCT_BUNDLE_IDENTIFIER = "com.flarebrow.theapp.camera-test";
				PRODUCT_NAME = "$(TARGET_NAME)";
				SWIFT_VERSION = 5.0;
				TARGETED_DEVICE_FAMILY = 1;
			};
			name = Debug;
		};
		5788580625E7ECDD005D1BAA /* Release */ = {
			isa = XCBuildConfiguration;
			buildSettings = {
				ASSETCATALOG_COMPILER_APPICON_NAME = AppIcon;
				ASSETCATALOG_COMPILER_GLOBAL_ACCENT_COLOR_NAME = AccentColor;
				CODE_SIGN_STYLE = Automatic;
				DEVELOPMENT_TEAM = 4SWJPRF34A;
				INFOPLIST_FILE = camera_test/Info.plist;
				IPHONEOS_DEPLOYMENT_TARGET = 13.0;
				LD_RUNPATH_SEARCH_PATHS = (
					"$(inherited)",
					"@executable_path/Frameworks",
				);
				PRODUCT_BUNDLE_IDENTIFIER = "com.flarebrow.theapp.camera-test";
				PRODUCT_NAME = "$(TARGET_NAME)";
				SWIFT_VERSION = 5.0;
				TARGETED_DEVICE_FAMILY = 1;
			};
			name = Release;
		};
/* End XCBuildConfiguration section */

/* Begin XCConfigurationList section */
		578857EB25E7ECD7005D1BAA /* Build configuration list for PBXProject "camera_test" */ = {
			isa = XCConfigurationList;
			buildConfigurations = (
				5788580225E7ECDD005D1BAA /* Debug */,
				5788580325E7ECDD005D1BAA /* Release */,
			);
			defaultConfigurationIsVisible = 0;
			defaultConfigurationName = Release;
		};
		5788580425E7ECDD005D1BAA /* Build configuration list for PBXNativeTarget "camera_test" */ = {
			isa = XCConfigurationList;
			buildConfigurations = (
				5788580525E7ECDD005D1BAA /* Debug */,
				5788580625E7ECDD005D1BAA /* Release */,
			);
			defaultConfigurationIsVisible = 0;
			defaultConfigurationName = Release;
		};
/* End XCConfigurationList section */
	};
	rootObject = 578857E825E7ECD7005D1BAA /* Project object */;
}
