// !$*UTF8*$!
{
	archiveVersion = 1;
	classes = {
	};
	objectVersion = 50;
	objects = {

/* Begin PBXBuildFile section */
		57A7E48425E29CB1008C263D /* AppDelegate.swift in Sources */ = {isa = PBXBuildFile; fileRef = 57A7E48325E29CB1008C263D /* AppDelegate.swift */; };
		57A7E48625E29CB1008C263D /* SceneDelegate.swift in Sources */ = {isa = PBXBuildFile; fileRef = 57A7E48525E29CB1008C263D /* SceneDelegate.swift */; };
		57A7E48B25E29CB1008C263D /* Main.storyboard in Resources */ = {isa = PBXBuildFile; fileRef = 57A7E48925E29CB1008C263D /* Main.storyboard */; };
		57A7E48D25E29CB7008C263D /* Assets.xcassets in Resources */ = {isa = PBXBuildFile; fileRef = 57A7E48C25E29CB7008C263D /* Assets.xcassets */; };
		57A7E49025E29CB7008C263D /* LaunchScreen.storyboard in Resources */ = {isa = PBXBuildFile; fileRef = 57A7E48E25E29CB7008C263D /* LaunchScreen.storyboard */; };
		57A7E4A325E484BD008C263D /* NoteViewController.swift in Sources */ = {isa = PBXBuildFile; fileRef = 57A7E4A225E484BD008C263D /* NoteViewController.swift */; };
		57A7E4A625E485FF008C263D /* NoteCell.swift in Sources */ = {isa = PBXBuildFile; fileRef = 57A7E4A525E485FF008C263D /* NoteCell.swift */; };
/* End PBXBuildFile section */

/* Begin PBXFileReference section */
		57A7E48025E29CB1008C263D /* xib_test.app */ = {isa = PBXFileReference; explicitFileType = wrapper.application; includeInIndex = 0; path = xib_test.app; sourceTree = BUILT_PRODUCTS_DIR; };
		57A7E48325E29CB1008C263D /* AppDelegate.swift */ = {isa = PBXFileReference; lastKnownFileType = sourcecode.swift; path = AppDelegate.swift; sourceTree = "<group>"; };
		57A7E48525E29CB1008C263D /* SceneDelegate.swift */ = {isa = PBXFileReference; lastKnownFileType = sourcecode.swift; path = SceneDelegate.swift; sourceTree = "<group>"; };
		57A7E48A25E29CB1008C263D /* Base */ = {isa = PBXFileReference; lastKnownFileType = file.storyboard; name = Base; path = Base.lproj/Main.storyboard; sourceTree = "<group>"; };
		57A7E48C25E29CB7008C263D /* Assets.xcassets */ = {isa = PBXFileReference; lastKnownFileType = folder.assetcatalog; path = Assets.xcassets; sourceTree = "<group>"; };
		57A7E48F25E29CB7008C263D /* Base */ = {isa = PBXFileReference; lastKnownFileType = file.storyboard; name = Base; path = Base.lproj/LaunchScreen.storyboard; sourceTree = "<group>"; };
		57A7E49125E29CB7008C263D /* Info.plist */ = {isa = PBXFileReference; lastKnownFileType = text.plist.xml; path = Info.plist; sourceTree = "<group>"; };
		57A7E4A225E484BD008C263D /* NoteViewController.swift */ = {isa = PBXFileReference; lastKnownFileType = sourcecode.swift; path = NoteViewController.swift; sourceTree = "<group>"; };
		57A7E4A525E485FF008C263D /* NoteCell.swift */ = {isa = PBXFileReference; lastKnownFileType = sourcecode.swift; path = NoteCell.swift; sourceTree = "<group>"; };
/* End PBXFileReference section */

/* Begin PBXFrameworksBuildPhase section */
		57A7E47D25E29CB1008C263D /* Frameworks */ = {
			isa = PBXFrameworksBuildPhase;
			buildActionMask = 2147483647;
			files = (
			);
			runOnlyForDeploymentPostprocessing = 0;
		};
/* End PBXFrameworksBuildPhase section */

/* Begin PBXGroup section */
		57A7E47725E29CB1008C263D = {
			isa = PBXGroup;
			children = (
				57A7E48225E29CB1008C263D /* xib_test */,
				57A7E48125E29CB1008C263D /* Products */,
			);
			sourceTree = "<group>";
		};
		57A7E48125E29CB1008C263D /* Products */ = {
			isa = PBXGroup;
			children = (
				57A7E48025E29CB1008C263D /* xib_test.app */,
			);
			name = Products;
			sourceTree = "<group>";
		};
		57A7E48225E29CB1008C263D /* xib_test */ = {
			isa = PBXGroup;
			children = (
				57A7E48325E29CB1008C263D /* AppDelegate.swift */,
				57A7E48525E29CB1008C263D /* SceneDelegate.swift */,
				57A7E48925E29CB1008C263D /* Main.storyboard */,
				57A7E4A225E484BD008C263D /* NoteViewController.swift */,
				57A7E4A525E485FF008C263D /* NoteCell.swift */,
				57A7E48C25E29CB7008C263D /* Assets.xcassets */,
				57A7E48E25E29CB7008C263D /* LaunchScreen.storyboard */,
				57A7E49125E29CB7008C263D /* Info.plist */,
			);
			path = xib_test;
			sourceTree = "<group>";
		};
/* End PBXGroup section */

/* Begin PBXNativeTarget section */
		57A7E47F25E29CB1008C263D /* xib_test */ = {
			isa = PBXNativeTarget;
			buildConfigurationList = 57A7E49425E29CB7008C263D /* Build configuration list for PBXNativeTarget "xib_test" */;
			buildPhases = (
				57A7E47C25E29CB1008C263D /* Sources */,
				57A7E47D25E29CB1008C263D /* Frameworks */,
				57A7E47E25E29CB1008C263D /* Resources */,
			);
			buildRules = (
			);
			dependencies = (
			);
			name = xib_test;
			productName = xib_test;
			productReference = 57A7E48025E29CB1008C263D /* xib_test.app */;
			productType = "com.apple.product-type.application";
		};
/* End PBXNativeTarget section */

/* Begin PBXProject section */
		57A7E47825E29CB1008C263D /* Project object */ = {
			isa = PBXProject;
			attributes = {
				LastSwiftUpdateCheck = 1220;
				LastUpgradeCheck = 1220;
				TargetAttributes = {
					57A7E47F25E29CB1008C263D = {
						CreatedOnToolsVersion = 12.2;
					};
				};
			};
			buildConfigurationList = 57A7E47B25E29CB1008C263D /* Build configuration list for PBXProject "xib_test" */;
			compatibilityVersion = "Xcode 9.3";
			developmentRegion = en;
			hasScannedForEncodings = 0;
			knownRegions = (
				en,
				Base,
			);
			mainGroup = 57A7E47725E29CB1008C263D;
			productRefGroup = 57A7E48125E29CB1008C263D /* Products */;
			projectDirPath = "";
			projectRoot = "";
			targets = (
				57A7E47F25E29CB1008C263D /* xib_test */,
			);
		};
/* End PBXProject section */

/* Begin PBXResourcesBuildPhase section */
		57A7E47E25E29CB1008C263D /* Resources */ = {
			isa = PBXResourcesBuildPhase;
			buildActionMask = 2147483647;
			files = (
				57A7E49025E29CB7008C263D /* LaunchScreen.storyboard in Resources */,
				57A7E48D25E29CB7008C263D /* Assets.xcassets in Resources */,
				57A7E48B25E29CB1008C263D /* Main.storyboard in Resources */,
			);
			runOnlyForDeploymentPostprocessing = 0;
		};
/* End PBXResourcesBuildPhase section */

/* Begin PBXSourcesBuildPhase section */
		57A7E47C25E29CB1008C263D /* Sources */ = {
			isa = PBXSourcesBuildPhase;
			buildActionMask = 2147483647;
			files = (
				57A7E4A625E485FF008C263D /* NoteCell.swift in Sources */,
				57A7E48425E29CB1008C263D /* AppDelegate.swift in Sources */,
				57A7E4A325E484BD008C263D /* NoteViewController.swift in Sources */,
				57A7E48625E29CB1008C263D /* SceneDelegate.swift in Sources */,
			);
			runOnlyForDeploymentPostprocessing = 0;
		};
/* End PBXSourcesBuildPhase section */

/* Begin PBXVariantGroup section */
		57A7E48925E29CB1008C263D /* Main.storyboard */ = {
			isa = PBXVariantGroup;
			children = (
				57A7E48A25E29CB1008C263D /* Base */,
			);
			name = Main.storyboard;
			sourceTree = "<group>";
		};
		57A7E48E25E29CB7008C263D /* LaunchScreen.storyboard */ = {
			isa = PBXVariantGroup;
			children = (
				57A7E48F25E29CB7008C263D /* Base */,
			);
			name = LaunchScreen.storyboard;
			sourceTree = "<group>";
		};
/* End PBXVariantGroup section */

/* Begin XCBuildConfiguration section */
		57A7E49225E29CB7008C263D /* Debug */ = {
			isa = XCBuildConfiguration;
			buildSettings = {
				ALWAYS_SEARCH_USER_PATHS = NO;
				CLANG_ANALYZER_NONNULL = YES;
				CLANG_ANALYZER_NUMBER_OBJECT_CONVERSION = YES_AGGRESSIVE;
				CLANG_CXX_LANGUAGE_STANDARD = "gnu++14";
				CLANG_CXX_LIBRARY = "libc++";
				CLANG_ENABLE_MODULES = YES;
				CLANG_ENABLE_OBJC_ARC = YES;
				CLANG_ENABLE_OBJC_WEAK = YES;
				CLANG_WARN_BLOCK_CAPTURE_AUTORELEASING = YES;
				CLANG_WARN_BOOL_CONVERSION = YES;
				CLANG_WARN_COMMA = YES;
				CLANG_WARN_CONSTANT_CONVERSION = YES;
				CLANG_WARN_DEPRECATED_OBJC_IMPLEMENTATIONS = YES;
				CLANG_WARN_DIRECT_OBJC_ISA_USAGE = YES_ERROR;
				CLANG_WARN_DOCUMENTATION_COMMENTS = YES;
				CLANG_WARN_EMPTY_BODY = YES;
				CLANG_WARN_ENUM_CONVERSION = YES;
				CLANG_WARN_INFINITE_RECURSION = YES;
				CLANG_WARN_INT_CONVERSION = YES;
				CLANG_WARN_NON_LITERAL_NULL_CONVERSION = YES;
				CLANG_WARN_OBJC_IMPLICIT_RETAIN_SELF = YES;
				CLANG_WARN_OBJC_LITERAL_CONVERSION = YES;
				CLANG_WARN_OBJC_ROOT_CLASS = YES_ERROR;
				CLANG_WARN_QUOTED_INCLUDE_IN_FRAMEWORK_HEADER = YES;
				CLANG_WARN_RANGE_LOOP_ANALYSIS = YES;
				CLANG_WARN_STRICT_PROTOTYPES = YES;
				CLANG_WARN_SUSPICIOUS_MOVE = YES;
				CLANG_WARN_UNGUARDED_AVAILABILITY = YES_AGGRESSIVE;
				CLANG_WARN_UNREACHABLE_CODE = YES;
				CLANG_WARN__DUPLICATE_METHOD_MATCH = YES;
				COPY_PHASE_STRIP = NO;
				DEBUG_INFORMATION_FORMAT = dwarf;
				ENABLE_STRICT_OBJC_MSGSEND = YES;
				ENABLE_TESTABILITY = YES;
				GCC_C_LANGUAGE_STANDARD = gnu11;
				GCC_DYNAMIC_NO_PIC = NO;
				GCC_NO_COMMON_BLOCKS = YES;
				GCC_OPTIMIZATION_LEVEL = 0;
				GCC_PREPROCESSOR_DEFINITIONS = (
					"DEBUG=1",
					"$(inherited)",
				);
				GCC_WARN_64_TO_32_BIT_CONVERSION = YES;
				GCC_WARN_ABOUT_RETURN_TYPE = YES_ERROR;
				GCC_WARN_UNDECLARED_SELECTOR = YES;
				GCC_WARN_UNINITIALIZED_AUTOS = YES_AGGRESSIVE;
				GCC_WARN_UNUSED_FUNCTION = YES;
				GCC_WARN_UNUSED_VARIABLE = YES;
				IPHONEOS_DEPLOYMENT_TARGET = 14.2;
				MTL_ENABLE_DEBUG_INFO = INCLUDE_SOURCE;
				MTL_FAST_MATH = YES;
				ONLY_ACTIVE_ARCH = YES;
				SDKROOT = iphoneos;
				SWIFT_ACTIVE_COMPILATION_CONDITIONS = DEBUG;
				SWIFT_OPTIMIZATION_LEVEL = "-Onone";
			};
			name = Debug;
		};
		57A7E49325E29CB7008C263D /* Release */ = {
			isa = XCBuildConfiguration;
			buildSettings = {
				ALWAYS_SEARCH_USER_PATHS = NO;
				CLANG_ANALYZER_NONNULL = YES;
				CLANG_ANALYZER_NUMBER_OBJECT_CONVERSION = YES_AGGRESSIVE;
				CLANG_CXX_LANGUAGE_STANDARD = "gnu++14";
				CLANG_CXX_LIBRARY = "libc++";
				CLANG_ENABLE_MODULES = YES;
				CLANG_ENABLE_OBJC_ARC = YES;
				CLANG_ENABLE_OBJC_WEAK = YES;
				CLANG_WARN_BLOCK_CAPTURE_AUTORELEASING = YES;
				CLANG_WARN_BOOL_CONVERSION = YES;
				CLANG_WARN_COMMA = YES;
				CLANG_WARN_CONSTANT_CONVERSION = YES;
				CLANG_WARN_DEPRECATED_OBJC_IMPLEMENTATIONS = YES;
				CLANG_WARN_DIRECT_OBJC_ISA_USAGE = YES_ERROR;
				CLANG_WARN_DOCUMENTATION_COMMENTS = YES;
				CLANG_WARN_EMPTY_BODY = YES;
				CLANG_WARN_ENUM_CONVERSION = YES;
				CLANG_WARN_INFINITE_RECURSION = YES;
				CLANG_WARN_INT_CONVERSION = YES;
				CLANG_WARN_NON_LITERAL_NULL_CONVERSION = YES;
				CLANG_WARN_OBJC_IMPLICIT_RETAIN_SELF = YES;
				CLANG_WARN_OBJC_LITERAL_CONVERSION = YES;
				CLANG_WARN_OBJC_ROOT_CLASS = YES_ERROR;
				CLANG_WARN_QUOTED_INCLUDE_IN_FRAMEWORK_HEADER = YES;
				CLANG_WARN_RANGE_LOOP_ANALYSIS = YES;
				CLANG_WARN_STRICT_PROTOTYPES = YES;
				CLANG_WARN_SUSPICIOUS_MOVE = YES;
				CLANG_WARN_UNGUARDED_AVAILABILITY = YES_AGGRESSIVE;
				CLANG_WARN_UNREACHABLE_CODE = YES;
				CLANG_WARN__DUPLICATE_METHOD_MATCH = YES;
				COPY_PHASE_STRIP = NO;
				DEBUG_INFORMATION_FORMAT = "dwarf-with-dsym";
				ENABLE_NS_ASSERTIONS = NO;
				ENABLE_STRICT_OBJC_MSGSEND = YES;
				GCC_C_LANGUAGE_STANDARD = gnu11;
				GCC_NO_COMMON_BLOCKS = YES;
				GCC_WARN_64_TO_32_BIT_CONVERSION = YES;
				GCC_WARN_ABOUT_RETURN_TYPE = YES_ERROR;
				GCC_WARN_UNDECLARED_SELECTOR = YES;
				GCC_WARN_UNINITIALIZED_AUTOS = YES_AGGRESSIVE;
				GCC_WARN_UNUSED_FUNCTION = YES;
				GCC_WARN_UNUSED_VARIABLE = YES;
				IPHONEOS_DEPLOYMENT_TARGET = 14.2;
				MTL_ENABLE_DEBUG_INFO = NO;
				MTL_FAST_MATH = YES;
				SDKROOT = iphoneos;
				SWIFT_COMPILATION_MODE = wholemodule;
				SWIFT_OPTIMIZATION_LEVEL = "-O";
				VALIDATE_PRODUCT = YES;
			};
			name = Release;
		};
		57A7E49525E29CB7008C263D /* Debug */ = {
			isa = XCBuildConfiguration;
			buildSettings = {
				ASSETCATALOG_COMPILER_APPICON_NAME = AppIcon;
				ASSETCATALOG_COMPILER_GLOBAL_ACCENT_COLOR_NAME = AccentColor;
				CODE_SIGN_STYLE = Automatic;
				DEVELOPMENT_TEAM = 4SWJPRF34A;
				INFOPLIST_FILE = xib_test/Info.plist;
				LD_RUNPATH_SEARCH_PATHS = (
					"$(inherited)",
					"@executable_path/Frameworks",
				);
				PRODUCT_BUNDLE_IDENTIFIER = "com.flarebrow.theapp.xib-test";
				PRODUCT_NAME = "$(TARGET_NAME)";
				SWIFT_VERSION = 5.0;
				TARGETED_DEVICE_FAMILY = "1,2";
			};
			name = Debug;
		};
		57A7E49625E29CB7008C263D /* Release */ = {
			isa = XCBuildConfiguration;
			buildSettings = {
				ASSETCATALOG_COMPILER_APPICON_NAME = AppIcon;
				ASSETCATALOG_COMPILER_GLOBAL_ACCENT_COLOR_NAME = AccentColor;
				CODE_SIGN_STYLE = Automatic;
				DEVELOPMENT_TEAM = 4SWJPRF34A;
				INFOPLIST_FILE = xib_test/Info.plist;
				LD_RUNPATH_SEARCH_PATHS = (
					"$(inherited)",
					"@executable_path/Frameworks",
				);
				PRODUCT_BUNDLE_IDENTIFIER = "com.flarebrow.theapp.xib-test";
				PRODUCT_NAME = "$(TARGET_NAME)";
				SWIFT_VERSION = 5.0;
				TARGETED_DEVICE_FAMILY = "1,2";
			};
			name = Release;
		};
/* End XCBuildConfiguration section */

/* Begin XCConfigurationList section */
		57A7E47B25E29CB1008C263D /* Build configuration list for PBXProject "xib_test" */ = {
			isa = XCConfigurationList;
			buildConfigurations = (
				57A7E49225E29CB7008C263D /* Debug */,
				57A7E49325E29CB7008C263D /* Release */,
			);
			defaultConfigurationIsVisible = 0;
			defaultConfigurationName = Release;
		};
		57A7E49425E29CB7008C263D /* Build configuration list for PBXNativeTarget "xib_test" */ = {
			isa = XCConfigurationList;
			buildConfigurations = (
				57A7E49525E29CB7008C263D /* Debug */,
				57A7E49625E29CB7008C263D /* Release */,
			);
			defaultConfigurationIsVisible = 0;
			defaultConfigurationName = Release;
		};
/* End XCConfigurationList section */
	};
	rootObject = 57A7E47825E29CB1008C263D /* Project object */;
}
