// !$*UTF8*$!
{
	archiveVersion = 1;
	classes = {
	};
	objectVersion = 50;
	objects = {

/* Begin PBXBuildFile section */
		577785B525DEA84900EEA50E /* AppDelegate.swift in Sources */ = {isa = PBXBuildFile; fileRef = 577785B425DEA84900EEA50E /* AppDelegate.swift */; };
		577785B725DEA84900EEA50E /* SceneDelegate.swift in Sources */ = {isa = PBXBuildFile; fileRef = 577785B625DEA84900EEA50E /* SceneDelegate.swift */; };
		577785B925DEA84900EEA50E /* ViewController.swift in Sources */ = {isa = PBXBuildFile; fileRef = 577785B825DEA84900EEA50E /* ViewController.swift */; };
		577785BC25DEA84900EEA50E /* Main.storyboard in Resources */ = {isa = PBXBuildFile; fileRef = 577785BA25DEA84900EEA50E /* Main.storyboard */; };
		577785BE25DEA84E00EEA50E /* Assets.xcassets in Resources */ = {isa = PBXBuildFile; fileRef = 577785BD25DEA84E00EEA50E /* Assets.xcassets */; };
		577785C125DEA84E00EEA50E /* LaunchScreen.storyboard in Resources */ = {isa = PBXBuildFile; fileRef = 577785BF25DEA84E00EEA50E /* LaunchScreen.storyboard */; };
		579D7C3425E10999009294B5 /* Note.swift in Sources */ = {isa = PBXBuildFile; fileRef = 579D7C3325E10999009294B5 /* Note.swift */; };
/* End PBXBuildFile section */

/* Begin PBXFileReference section */
		577785B125DEA84900EEA50E /* evernote_test2.app */ = {isa = PBXFileReference; explicitFileType = wrapper.application; includeInIndex = 0; path = evernote_test2.app; sourceTree = BUILT_PRODUCTS_DIR; };
		577785B425DEA84900EEA50E /* AppDelegate.swift */ = {isa = PBXFileReference; lastKnownFileType = sourcecode.swift; path = AppDelegate.swift; sourceTree = "<group>"; };
		577785B625DEA84900EEA50E /* SceneDelegate.swift */ = {isa = PBXFileReference; lastKnownFileType = sourcecode.swift; path = SceneDelegate.swift; sourceTree = "<group>"; };
		577785B825DEA84900EEA50E /* ViewController.swift */ = {isa = PBXFileReference; lastKnownFileType = sourcecode.swift; path = ViewController.swift; sourceTree = "<group>"; };
		577785BB25DEA84900EEA50E /* Base */ = {isa = PBXFileReference; lastKnownFileType = file.storyboard; name = Base; path = Base.lproj/Main.storyboard; sourceTree = "<group>"; };
		577785BD25DEA84E00EEA50E /* Assets.xcassets */ = {isa = PBXFileReference; lastKnownFileType = folder.assetcatalog; path = Assets.xcassets; sourceTree = "<group>"; };
		577785C025DEA84E00EEA50E /* Base */ = {isa = PBXFileReference; lastKnownFileType = file.storyboard; name = Base; path = Base.lproj/LaunchScreen.storyboard; sourceTree = "<group>"; };
		577785C225DEA84E00EEA50E /* Info.plist */ = {isa = PBXFileReference; lastKnownFileType = text.plist.xml; path = Info.plist; sourceTree = "<group>"; };
		579D7C3325E10999009294B5 /* Note.swift */ = {isa = PBXFileReference; lastKnownFileType = sourcecode.swift; path = Note.swift; sourceTree = "<group>"; };
/* End PBXFileReference section */

/* Begin PBXFrameworksBuildPhase section */
		577785AE25DEA84800EEA50E /* Frameworks */ = {
			isa = PBXFrameworksBuildPhase;
			buildActionMask = 2147483647;
			files = (
			);
			runOnlyForDeploymentPostprocessing = 0;
		};
/* End PBXFrameworksBuildPhase section */

/* Begin PBXGroup section */
		577785A825DEA84800EEA50E = {
			isa = PBXGroup;
			children = (
				577785B325DEA84900EEA50E /* evernote_test2 */,
				577785B225DEA84900EEA50E /* Products */,
			);
			sourceTree = "<group>";
		};
		577785B225DEA84900EEA50E /* Products */ = {
			isa = PBXGroup;
			children = (
				577785B125DEA84900EEA50E /* evernote_test2.app */,
			);
			name = Products;
			sourceTree = "<group>";
		};
		577785B325DEA84900EEA50E /* evernote_test2 */ = {
			isa = PBXGroup;
			children = (
				577785B425DEA84900EEA50E /* AppDelegate.swift */,
				577785B625DEA84900EEA50E /* SceneDelegate.swift */,
				577785B825DEA84900EEA50E /* ViewController.swift */,
				579D7C3325E10999009294B5 /* Note.swift */,
				577785BA25DEA84900EEA50E /* Main.storyboard */,
				577785BD25DEA84E00EEA50E /* Assets.xcassets */,
				577785BF25DEA84E00EEA50E /* LaunchScreen.storyboard */,
				577785C225DEA84E00EEA50E /* Info.plist */,
			);
			path = evernote_test2;
			sourceTree = "<group>";
		};
/* End PBXGroup section */

/* Begin PBXNativeTarget section */
		577785B025DEA84800EEA50E /* evernote_test2 */ = {
			isa = PBXNativeTarget;
			buildConfigurationList = 577785C525DEA84E00EEA50E /* Build configuration list for PBXNativeTarget "evernote_test2" */;
			buildPhases = (
				577785AD25DEA84800EEA50E /* Sources */,
				577785AE25DEA84800EEA50E /* Frameworks */,
				577785AF25DEA84800EEA50E /* Resources */,
			);
			buildRules = (
			);
			dependencies = (
			);
			name = evernote_test2;
			productName = evernote_test2;
			productReference = 577785B125DEA84900EEA50E /* evernote_test2.app */;
			productType = "com.apple.product-type.application";
		};
/* End PBXNativeTarget section */

/* Begin PBXProject section */
		577785A925DEA84800EEA50E /* Project object */ = {
			isa = PBXProject;
			attributes = {
				LastSwiftUpdateCheck = 1220;
				LastUpgradeCheck = 1220;
				TargetAttributes = {
					577785B025DEA84800EEA50E = {
						CreatedOnToolsVersion = 12.2;
					};
				};
			};
			buildConfigurationList = 577785AC25DEA84800EEA50E /* Build configuration list for PBXProject "evernote_test2" */;
			compatibilityVersion = "Xcode 9.3";
			developmentRegion = en;
			hasScannedForEncodings = 0;
			knownRegions = (
				en,
				Base,
			);
			mainGroup = 577785A825DEA84800EEA50E;
			productRefGroup = 577785B225DEA84900EEA50E /* Products */;
			projectDirPath = "";
			projectRoot = "";
			targets = (
				577785B025DEA84800EEA50E /* evernote_test2 */,
			);
		};
/* End PBXProject section */

/* Begin PBXResourcesBuildPhase section */
		577785AF25DEA84800EEA50E /* Resources */ = {
			isa = PBXResourcesBuildPhase;
			buildActionMask = 2147483647;
			files = (
				577785C125DEA84E00EEA50E /* LaunchScreen.storyboard in Resources */,
				577785BE25DEA84E00EEA50E /* Assets.xcassets in Resources */,
				577785BC25DEA84900EEA50E /* Main.storyboard in Resources */,
			);
			runOnlyForDeploymentPostprocessing = 0;
		};
/* End PBXResourcesBuildPhase section */

/* Begin PBXSourcesBuildPhase section */
		577785AD25DEA84800EEA50E /* Sources */ = {
			isa = PBXSourcesBuildPhase;
			buildActionMask = 2147483647;
			files = (
				577785B925DEA84900EEA50E /* ViewController.swift in Sources */,
				577785B525DEA84900EEA50E /* AppDelegate.swift in Sources */,
				577785B725DEA84900EEA50E /* SceneDelegate.swift in Sources */,
				579D7C3425E10999009294B5 /* Note.swift in Sources */,
			);
			runOnlyForDeploymentPostprocessing = 0;
		};
/* End PBXSourcesBuildPhase section */

/* Begin PBXVariantGroup section */
		577785BA25DEA84900EEA50E /* Main.storyboard */ = {
			isa = PBXVariantGroup;
			children = (
				577785BB25DEA84900EEA50E /* Base */,
			);
			name = Main.storyboard;
			sourceTree = "<group>";
		};
		577785BF25DEA84E00EEA50E /* LaunchScreen.storyboard */ = {
			isa = PBXVariantGroup;
			children = (
				577785C025DEA84E00EEA50E /* Base */,
			);
			name = LaunchScreen.storyboard;
			sourceTree = "<group>";
		};
/* End PBXVariantGroup section */

/* Begin XCBuildConfiguration section */
		577785C325DEA84E00EEA50E /* Debug */ = {
			isa = XCBuildConfiguration;
			buildSettings = {
				ALWAYS_SEARCH_USER_PATHS = NO;
				CLANG_ANALYZER_NONNULL = YES;
				CLANG_ANALYZER_NUMBER_OBJECT_CONVERSION = YES_AGGRESSIVE;
				CLANG_CXX_LANGUAGE_STANDARD = "gnu++14";
				CLANG_CXX_LIBRARY = "libc++";
				CLANG_ENABLE_MODULES = YES;
				CLANG_ENABLE_OBJC_ARC = YES;
				CLANG_ENABLE_OBJC_WEAK = YES;
				CLANG_WARN_BLOCK_CAPTURE_AUTORELEASING = YES;
				CLANG_WARN_BOOL_CONVERSION = YES;
				CLANG_WARN_COMMA = YES;
				CLANG_WARN_CONSTANT_CONVERSION = YES;
				CLANG_WARN_DEPRECATED_OBJC_IMPLEMENTATIONS = YES;
				CLANG_WARN_DIRECT_OBJC_ISA_USAGE = YES_ERROR;
				CLANG_WARN_DOCUMENTATION_COMMENTS = YES;
				CLANG_WARN_EMPTY_BODY = YES;
				CLANG_WARN_ENUM_CONVERSION = YES;
				CLANG_WARN_INFINITE_RECURSION = YES;
				CLANG_WARN_INT_CONVERSION = YES;
				CLANG_WARN_NON_LITERAL_NULL_CONVERSION = YES;
				CLANG_WARN_OBJC_IMPLICIT_RETAIN_SELF = YES;
				CLANG_WARN_OBJC_LITERAL_CONVERSION = YES;
				CLANG_WARN_OBJC_ROOT_CLASS = YES_ERROR;
				CLANG_WARN_QUOTED_INCLUDE_IN_FRAMEWORK_HEADER = YES;
				CLANG_WARN_RANGE_LOOP_ANALYSIS = YES;
				CLANG_WARN_STRICT_PROTOTYPES = YES;
				CLANG_WARN_SUSPICIOUS_MOVE = YES;
				CLANG_WARN_UNGUARDED_AVAILABILITY = YES_AGGRESSIVE;
				CLANG_WARN_UNREACHABLE_CODE = YES;
				CLANG_WARN__DUPLICATE_METHOD_MATCH = YES;
				COPY_PHASE_STRIP = NO;
				DEBUG_INFORMATION_FORMAT = dwarf;
				ENABLE_STRICT_OBJC_MSGSEND = YES;
				ENABLE_TESTABILITY = YES;
				GCC_C_LANGUAGE_STANDARD = gnu11;
				GCC_DYNAMIC_NO_PIC = NO;
				GCC_NO_COMMON_BLOCKS = YES;
				GCC_OPTIMIZATION_LEVEL = 0;
				GCC_PREPROCESSOR_DEFINITIONS = (
					"DEBUG=1",
					"$(inherited)",
				);
				GCC_WARN_64_TO_32_BIT_CONVERSION = YES;
				GCC_WARN_ABOUT_RETURN_TYPE = YES_ERROR;
				GCC_WARN_UNDECLARED_SELECTOR = YES;
				GCC_WARN_UNINITIALIZED_AUTOS = YES_AGGRESSIVE;
				GCC_WARN_UNUSED_FUNCTION = YES;
				GCC_WARN_UNUSED_VARIABLE = YES;
				IPHONEOS_DEPLOYMENT_TARGET = 14.0;
				MTL_ENABLE_DEBUG_INFO = INCLUDE_SOURCE;
				MTL_FAST_MATH = YES;
				ONLY_ACTIVE_ARCH = YES;
				SDKROOT = iphoneos;
				SWIFT_ACTIVE_COMPILATION_CONDITIONS = DEBUG;
				SWIFT_OPTIMIZATION_LEVEL = "-Onone";
			};
			name = Debug;
		};
		577785C425DEA84E00EEA50E /* Release */ = {
			isa = XCBuildConfiguration;
			buildSettings = {
				ALWAYS_SEARCH_USER_PATHS = NO;
				CLANG_ANALYZER_NONNULL = YES;
				CLANG_ANALYZER_NUMBER_OBJECT_CONVERSION = YES_AGGRESSIVE;
				CLANG_CXX_LANGUAGE_STANDARD = "gnu++14";
				CLANG_CXX_LIBRARY = "libc++";
				CLANG_ENABLE_MODULES = YES;
				CLANG_ENABLE_OBJC_ARC = YES;
				CLANG_ENABLE_OBJC_WEAK = YES;
				CLANG_WARN_BLOCK_CAPTURE_AUTORELEASING = YES;
				CLANG_WARN_BOOL_CONVERSION = YES;
				CLANG_WARN_COMMA = YES;
				CLANG_WARN_CONSTANT_CONVERSION = YES;
				CLANG_WARN_DEPRECATED_OBJC_IMPLEMENTATIONS = YES;
				CLANG_WARN_DIRECT_OBJC_ISA_USAGE = YES_ERROR;
				CLANG_WARN_DOCUMENTATION_COMMENTS = YES;
				CLANG_WARN_EMPTY_BODY = YES;
				CLANG_WARN_ENUM_CONVERSION = YES;
				CLANG_WARN_INFINITE_RECURSION = YES;
				CLANG_WARN_INT_CONVERSION = YES;
				CLANG_WARN_NON_LITERAL_NULL_CONVERSION = YES;
				CLANG_WARN_OBJC_IMPLICIT_RETAIN_SELF = YES;
				CLANG_WARN_OBJC_LITERAL_CONVERSION = YES;
				CLANG_WARN_OBJC_ROOT_CLASS = YES_ERROR;
				CLANG_WARN_QUOTED_INCLUDE_IN_FRAMEWORK_HEADER = YES;
				CLANG_WARN_RANGE_LOOP_ANALYSIS = YES;
				CLANG_WARN_STRICT_PROTOTYPES = YES;
				CLANG_WARN_SUSPICIOUS_MOVE = YES;
				CLANG_WARN_UNGUARDED_AVAILABILITY = YES_AGGRESSIVE;
				CLANG_WARN_UNREACHABLE_CODE = YES;
				CLANG_WARN__DUPLICATE_METHOD_MATCH = YES;
				COPY_PHASE_STRIP = NO;
				DEBUG_INFORMATION_FORMAT = "dwarf-with-dsym";
				ENABLE_NS_ASSERTIONS = NO;
				ENABLE_STRICT_OBJC_MSGSEND = YES;
				GCC_C_LANGUAGE_STANDARD = gnu11;
				GCC_NO_COMMON_BLOCKS = YES;
				GCC_WARN_64_TO_32_BIT_CONVERSION = YES;
				GCC_WARN_ABOUT_RETURN_TYPE = YES_ERROR;
				GCC_WARN_UNDECLARED_SELECTOR = YES;
				GCC_WARN_UNINITIALIZED_AUTOS = YES_AGGRESSIVE;
				GCC_WARN_UNUSED_FUNCTION = YES;
				GCC_WARN_UNUSED_VARIABLE = YES;
				IPHONEOS_DEPLOYMENT_TARGET = 14.0;
				MTL_ENABLE_DEBUG_INFO = NO;
				MTL_FAST_MATH = YES;
				SDKROOT = iphoneos;
				SWIFT_COMPILATION_MODE = wholemodule;
				SWIFT_OPTIMIZATION_LEVEL = "-O";
				VALIDATE_PRODUCT = YES;
			};
			name = Release;
		};
		577785C625DEA84E00EEA50E /* Debug */ = {
			isa = XCBuildConfiguration;
			buildSettings = {
				ASSETCATALOG_COMPILER_APPICON_NAME = AppIcon;
				ASSETCATALOG_COMPILER_GLOBAL_ACCENT_COLOR_NAME = AccentColor;
				CODE_SIGN_STYLE = Automatic;
				DEVELOPMENT_TEAM = 4SWJPRF34A;
				INFOPLIST_FILE = evernote_test2/Info.plist;
				LD_RUNPATH_SEARCH_PATHS = (
					"$(inherited)",
					"@executable_path/Frameworks",
				);
				PRODUCT_BUNDLE_IDENTIFIER = "com.flarebrow.theapp.evernote-test2";
				PRODUCT_NAME = "$(TARGET_NAME)";
				SWIFT_VERSION = 5.0;
				TARGETED_DEVICE_FAMILY = "1,2";
			};
			name = Debug;
		};
		577785C725DEA84E00EEA50E /* Release */ = {
			isa = XCBuildConfiguration;
			buildSettings = {
				ASSETCATALOG_COMPILER_APPICON_NAME = AppIcon;
				ASSETCATALOG_COMPILER_GLOBAL_ACCENT_COLOR_NAME = AccentColor;
				CODE_SIGN_STYLE = Automatic;
				DEVELOPMENT_TEAM = 4SWJPRF34A;
				INFOPLIST_FILE = evernote_test2/Info.plist;
				LD_RUNPATH_SEARCH_PATHS = (
					"$(inherited)",
					"@executable_path/Frameworks",
				);
				PRODUCT_BUNDLE_IDENTIFIER = "com.flarebrow.theapp.evernote-test2";
				PRODUCT_NAME = "$(TARGET_NAME)";
				SWIFT_VERSION = 5.0;
				TARGETED_DEVICE_FAMILY = "1,2";
			};
			name = Release;
		};
/* End XCBuildConfiguration section */

/* Begin XCConfigurationList section */
		577785AC25DEA84800EEA50E /* Build configuration list for PBXProject "evernote_test2" */ = {
			isa = XCConfigurationList;
			buildConfigurations = (
				577785C325DEA84E00EEA50E /* Debug */,
				577785C425DEA84E00EEA50E /* Release */,
			);
			defaultConfigurationIsVisible = 0;
			defaultConfigurationName = Release;
		};
		577785C525DEA84E00EEA50E /* Build configuration list for PBXNativeTarget "evernote_test2" */ = {
			isa = XCConfigurationList;
			buildConfigurations = (
				577785C625DEA84E00EEA50E /* Debug */,
				577785C725DEA84E00EEA50E /* Release */,
			);
			defaultConfigurationIsVisible = 0;
			defaultConfigurationName = Release;
		};
/* End XCConfigurationList section */
	};
	rootObject = 577785A925DEA84800EEA50E /* Project object */;
}
